// !$*UTF8*$!
{
	archiveVersion = 1;
	classes = {
	};
	objectVersion = 50;
	objects = {

/* Begin PBXBuildFile section */
		A69FBF76263B6342003E2160 /* AppDelegate.swift in Sources */ = {isa = PBXBuildFile; fileRef = A69FBF75263B6342003E2160 /* AppDelegate.swift */; };
		A69FBF78263B6342003E2160 /* SceneDelegate.swift in Sources */ = {isa = PBXBuildFile; fileRef = A69FBF77263B6342003E2160 /* SceneDelegate.swift */; };
		A69FBF7A263B6342003E2160 /* ContentView.swift in Sources */ = {isa = PBXBuildFile; fileRef = A69FBF79263B6342003E2160 /* ContentView.swift */; };
		A69FBF7D263B6342003E2160 /* iPadCalculator.xcdatamodeld in Sources */ = {isa = PBXBuildFile; fileRef = A69FBF7B263B6342003E2160 /* iPadCalculator.xcdatamodeld */; };
		A69FBF7F263B6343003E2160 /* Assets.xcassets in Resources */ = {isa = PBXBuildFile; fileRef = A69FBF7E263B6343003E2160 /* Assets.xcassets */; };
		A69FBF82263B6343003E2160 /* Preview Assets.xcassets in Resources */ = {isa = PBXBuildFile; fileRef = A69FBF81263B6343003E2160 /* Preview Assets.xcassets */; };
		A69FBF85263B6343003E2160 /* LaunchScreen.storyboard in Resources */ = {isa = PBXBuildFile; fileRef = A69FBF83263B6343003E2160 /* LaunchScreen.storyboard */; };
		A69FBF90263B6343003E2160 /* iPadCalculatorTests.swift in Sources */ = {isa = PBXBuildFile; fileRef = A69FBF8F263B6343003E2160 /* iPadCalculatorTests.swift */; };
		A69FBF9B263B6343003E2160 /* iPadCalculatorUITests.swift in Sources */ = {isa = PBXBuildFile; fileRef = A69FBF9A263B6343003E2160 /* iPadCalculatorUITests.swift */; };
/* End PBXBuildFile section */

/* Begin PBXContainerItemProxy section */
		A69FBF8C263B6343003E2160 /* PBXContainerItemProxy */ = {
			isa = PBXContainerItemProxy;
			containerPortal = A69FBF6A263B6342003E2160 /* Project object */;
			proxyType = 1;
			remoteGlobalIDString = A69FBF71263B6342003E2160;
			remoteInfo = iPadCalculator;
		};
		A69FBF97263B6343003E2160 /* PBXContainerItemProxy */ = {
			isa = PBXContainerItemProxy;
			containerPortal = A69FBF6A263B6342003E2160 /* Project object */;
			proxyType = 1;
			remoteGlobalIDString = A69FBF71263B6342003E2160;
			remoteInfo = iPadCalculator;
		};
/* End PBXContainerItemProxy section */

/* Begin PBXFileReference section */
		A69FBF72263B6342003E2160 /* iPadCalculator.app */ = {isa = PBXFileReference; explicitFileType = wrapper.application; includeInIndex = 0; path = iPadCalculator.app; sourceTree = BUILT_PRODUCTS_DIR; };
		A69FBF75263B6342003E2160 /* AppDelegate.swift */ = {isa = PBXFileReference; lastKnownFileType = sourcecode.swift; path = AppDelegate.swift; sourceTree = "<group>"; };
		A69FBF77263B6342003E2160 /* SceneDelegate.swift */ = {isa = PBXFileReference; lastKnownFileType = sourcecode.swift; path = SceneDelegate.swift; sourceTree = "<group>"; };
		A69FBF79263B6342003E2160 /* ContentView.swift */ = {isa = PBXFileReference; lastKnownFileType = sourcecode.swift; path = ContentView.swift; sourceTree = "<group>"; };
		A69FBF7C263B6342003E2160 /* iPadCalculator.xcdatamodel */ = {isa = PBXFileReference; lastKnownFileType = wrapper.xcdatamodel; path = iPadCalculator.xcdatamodel; sourceTree = "<group>"; };
		A69FBF7E263B6343003E2160 /* Assets.xcassets */ = {isa = PBXFileReference; lastKnownFileType = folder.assetcatalog; path = Assets.xcassets; sourceTree = "<group>"; };
		A69FBF81263B6343003E2160 /* Preview Assets.xcassets */ = {isa = PBXFileReference; lastKnownFileType = folder.assetcatalog; path = "Preview Assets.xcassets"; sourceTree = "<group>"; };
		A69FBF84263B6343003E2160 /* Base */ = {isa = PBXFileReference; lastKnownFileType = file.storyboard; name = Base; path = Base.lproj/LaunchScreen.storyboard; sourceTree = "<group>"; };
		A69FBF86263B6343003E2160 /* Info.plist */ = {isa = PBXFileReference; lastKnownFileType = text.plist.xml; path = Info.plist; sourceTree = "<group>"; };
		A69FBF8B263B6343003E2160 /* iPadCalculatorTests.xctest */ = {isa = PBXFileReference; explicitFileType = wrapper.cfbundle; includeInIndex = 0; path = iPadCalculatorTests.xctest; sourceTree = BUILT_PRODUCTS_DIR; };
		A69FBF8F263B6343003E2160 /* iPadCalculatorTests.swift */ = {isa = PBXFileReference; lastKnownFileType = sourcecode.swift; path = iPadCalculatorTests.swift; sourceTree = "<group>"; };
		A69FBF91263B6343003E2160 /* Info.plist */ = {isa = PBXFileReference; lastKnownFileType = text.plist.xml; path = Info.plist; sourceTree = "<group>"; };
		A69FBF96263B6343003E2160 /* iPadCalculatorUITests.xctest */ = {isa = PBXFileReference; explicitFileType = wrapper.cfbundle; includeInIndex = 0; path = iPadCalculatorUITests.xctest; sourceTree = BUILT_PRODUCTS_DIR; };
		A69FBF9A263B6343003E2160 /* iPadCalculatorUITests.swift */ = {isa = PBXFileReference; lastKnownFileType = sourcecode.swift; path = iPadCalculatorUITests.swift; sourceTree = "<group>"; };
		A69FBF9C263B6343003E2160 /* Info.plist */ = {isa = PBXFileReference; lastKnownFileType = text.plist.xml; path = Info.plist; sourceTree = "<group>"; };
/* End PBXFileReference section */

/* Begin PBXFrameworksBuildPhase section */
		A69FBF6F263B6342003E2160 /* Frameworks */ = {
			isa = PBXFrameworksBuildPhase;
			buildActionMask = 2147483647;
			files = (
			);
			runOnlyForDeploymentPostprocessing = 0;
		};
		A69FBF88263B6343003E2160 /* Frameworks */ = {
			isa = PBXFrameworksBuildPhase;
			buildActionMask = 2147483647;
			files = (
			);
			runOnlyForDeploymentPostprocessing = 0;
		};
		A69FBF93263B6343003E2160 /* Frameworks */ = {
			isa = PBXFrameworksBuildPhase;
			buildActionMask = 2147483647;
			files = (
			);
			runOnlyForDeploymentPostprocessing = 0;
		};
/* End PBXFrameworksBuildPhase section */

/* Begin PBXGroup section */
		A69FBF69263B6342003E2160 = {
			isa = PBXGroup;
			children = (
				A69FBF74263B6342003E2160 /* iPadCalculator */,
				A69FBF8E263B6343003E2160 /* iPadCalculatorTests */,
				A69FBF99263B6343003E2160 /* iPadCalculatorUITests */,
				A69FBF73263B6342003E2160 /* Products */,
			);
			sourceTree = "<group>";
		};
		A69FBF73263B6342003E2160 /* Products */ = {
			isa = PBXGroup;
			children = (
				A69FBF72263B6342003E2160 /* iPadCalculator.app */,
				A69FBF8B263B6343003E2160 /* iPadCalculatorTests.xctest */,
				A69FBF96263B6343003E2160 /* iPadCalculatorUITests.xctest */,
			);
			name = Products;
			sourceTree = "<group>";
		};
		A69FBF74263B6342003E2160 /* iPadCalculator */ = {
			isa = PBXGroup;
			children = (
				A69FBF75263B6342003E2160 /* AppDelegate.swift */,
				A69FBF77263B6342003E2160 /* SceneDelegate.swift */,
				A69FBF79263B6342003E2160 /* ContentView.swift */,
				A69FBF7E263B6343003E2160 /* Assets.xcassets */,
				A69FBF83263B6343003E2160 /* LaunchScreen.storyboard */,
				A69FBF86263B6343003E2160 /* Info.plist */,
				A69FBF7B263B6342003E2160 /* iPadCalculator.xcdatamodeld */,
				A69FBF80263B6343003E2160 /* Preview Content */,
			);
			path = iPadCalculator;
			sourceTree = "<group>";
		};
		A69FBF80263B6343003E2160 /* Preview Content */ = {
			isa = PBXGroup;
			children = (
				A69FBF81263B6343003E2160 /* Preview Assets.xcassets */,
			);
			path = "Preview Content";
			sourceTree = "<group>";
		};
		A69FBF8E263B6343003E2160 /* iPadCalculatorTests */ = {
			isa = PBXGroup;
			children = (
				A69FBF8F263B6343003E2160 /* iPadCalculatorTests.swift */,
				A69FBF91263B6343003E2160 /* Info.plist */,
			);
			path = iPadCalculatorTests;
			sourceTree = "<group>";
		};
		A69FBF99263B6343003E2160 /* iPadCalculatorUITests */ = {
			isa = PBXGroup;
			children = (
				A69FBF9A263B6343003E2160 /* iPadCalculatorUITests.swift */,
				A69FBF9C263B6343003E2160 /* Info.plist */,
			);
			path = iPadCalculatorUITests;
			sourceTree = "<group>";
		};
/* End PBXGroup section */

/* Begin PBXNativeTarget section */
		A69FBF71263B6342003E2160 /* iPadCalculator */ = {
			isa = PBXNativeTarget;
			buildConfigurationList = A69FBF9F263B6343003E2160 /* Build configuration list for PBXNativeTarget "iPadCalculator" */;
			buildPhases = (
				A69FBF6E263B6342003E2160 /* Sources */,
				A69FBF6F263B6342003E2160 /* Frameworks */,
				A69FBF70263B6342003E2160 /* Resources */,
			);
			buildRules = (
			);
			dependencies = (
			);
			name = iPadCalculator;
			productName = iPadCalculator;
			productReference = A69FBF72263B6342003E2160 /* iPadCalculator.app */;
			productType = "com.apple.product-type.application";
		};
		A69FBF8A263B6343003E2160 /* iPadCalculatorTests */ = {
			isa = PBXNativeTarget;
			buildConfigurationList = A69FBFA2263B6343003E2160 /* Build configuration list for PBXNativeTarget "iPadCalculatorTests" */;
			buildPhases = (
				A69FBF87263B6343003E2160 /* Sources */,
				A69FBF88263B6343003E2160 /* Frameworks */,
				A69FBF89263B6343003E2160 /* Resources */,
			);
			buildRules = (
			);
			dependencies = (
				A69FBF8D263B6343003E2160 /* PBXTargetDependency */,
			);
			name = iPadCalculatorTests;
			productName = iPadCalculatorTests;
			productReference = A69FBF8B263B6343003E2160 /* iPadCalculatorTests.xctest */;
			productType = "com.apple.product-type.bundle.unit-test";
		};
		A69FBF95263B6343003E2160 /* iPadCalculatorUITests */ = {
			isa = PBXNativeTarget;
			buildConfigurationList = A69FBFA5263B6343003E2160 /* Build configuration list for PBXNativeTarget "iPadCalculatorUITests" */;
			buildPhases = (
				A69FBF92263B6343003E2160 /* Sources */,
				A69FBF93263B6343003E2160 /* Frameworks */,
				A69FBF94263B6343003E2160 /* Resources */,
			);
			buildRules = (
			);
			dependencies = (
				A69FBF98263B6343003E2160 /* PBXTargetDependency */,
			);
			name = iPadCalculatorUITests;
			productName = iPadCalculatorUITests;
			productReference = A69FBF96263B6343003E2160 /* iPadCalculatorUITests.xctest */;
			productType = "com.apple.product-type.bundle.ui-testing";
		};
/* End PBXNativeTarget section */

/* Begin PBXProject section */
		A69FBF6A263B6342003E2160 /* Project object */ = {
			isa = PBXProject;
			attributes = {
				LastSwiftUpdateCheck = 1250;
				LastUpgradeCheck = 1250;
				TargetAttributes = {
					A69FBF71263B6342003E2160 = {
						CreatedOnToolsVersion = 12.5;
					};
					A69FBF8A263B6343003E2160 = {
						CreatedOnToolsVersion = 12.5;
						TestTargetID = A69FBF71263B6342003E2160;
					};
					A69FBF95263B6343003E2160 = {
						CreatedOnToolsVersion = 12.5;
						TestTargetID = A69FBF71263B6342003E2160;
					};
				};
			};
			buildConfigurationList = A69FBF6D263B6342003E2160 /* Build configuration list for PBXProject "iPadCalculator" */;
			compatibilityVersion = "Xcode 9.3";
			developmentRegion = en;
			hasScannedForEncodings = 0;
			knownRegions = (
				en,
				Base,
			);
			mainGroup = A69FBF69263B6342003E2160;
			productRefGroup = A69FBF73263B6342003E2160 /* Products */;
			projectDirPath = "";
			projectRoot = "";
			targets = (
				A69FBF71263B6342003E2160 /* iPadCalculator */,
				A69FBF8A263B6343003E2160 /* iPadCalculatorTests */,
				A69FBF95263B6343003E2160 /* iPadCalculatorUITests */,
			);
		};
/* End PBXProject section */

/* Begin PBXResourcesBuildPhase section */
		A69FBF70263B6342003E2160 /* Resources */ = {
			isa = PBXResourcesBuildPhase;
			buildActionMask = 2147483647;
			files = (
				A69FBF85263B6343003E2160 /* LaunchScreen.storyboard in Resources */,
				A69FBF82263B6343003E2160 /* Preview Assets.xcassets in Resources */,
				A69FBF7F263B6343003E2160 /* Assets.xcassets in Resources */,
			);
			runOnlyForDeploymentPostprocessing = 0;
		};
		A69FBF89263B6343003E2160 /* Resources */ = {
			isa = PBXResourcesBuildPhase;
			buildActionMask = 2147483647;
			files = (
			);
			runOnlyForDeploymentPostprocessing = 0;
		};
		A69FBF94263B6343003E2160 /* Resources */ = {
			isa = PBXResourcesBuildPhase;
			buildActionMask = 2147483647;
			files = (
			);
			runOnlyForDeploymentPostprocessing = 0;
		};
/* End PBXResourcesBuildPhase section */

/* Begin PBXSourcesBuildPhase section */
		A69FBF6E263B6342003E2160 /* Sources */ = {
			isa = PBXSourcesBuildPhase;
			buildActionMask = 2147483647;
			files = (
				A69FBF76263B6342003E2160 /* AppDelegate.swift in Sources */,
				A69FBF78263B6342003E2160 /* SceneDelegate.swift in Sources */,
				A69FBF7A263B6342003E2160 /* ContentView.swift in Sources */,
				A69FBF7D263B6342003E2160 /* iPadCalculator.xcdatamodeld in Sources */,
			);
			runOnlyForDeploymentPostprocessing = 0;
		};
		A69FBF87263B6343003E2160 /* Sources */ = {
			isa = PBXSourcesBuildPhase;
			buildActionMask = 2147483647;
			files = (
				A69FBF90263B6343003E2160 /* iPadCalculatorTests.swift in Sources */,
			);
			runOnlyForDeploymentPostprocessing = 0;
		};
		A69FBF92263B6343003E2160 /* Sources */ = {
			isa = PBXSourcesBuildPhase;
			buildActionMask = 2147483647;
			files = (
				A69FBF9B263B6343003E2160 /* iPadCalculatorUITests.swift in Sources */,
			);
			runOnlyForDeploymentPostprocessing = 0;
		};
/* End PBXSourcesBuildPhase section */

/* Begin PBXTargetDependency section */
		A69FBF8D263B6343003E2160 /* PBXTargetDependency */ = {
			isa = PBXTargetDependency;
			target = A69FBF71263B6342003E2160 /* iPadCalculator */;
			targetProxy = A69FBF8C263B6343003E2160 /* PBXContainerItemProxy */;
		};
		A69FBF98263B6343003E2160 /* PBXTargetDependency */ = {
			isa = PBXTargetDependency;
			target = A69FBF71263B6342003E2160 /* iPadCalculator */;
			targetProxy = A69FBF97263B6343003E2160 /* PBXContainerItemProxy */;
		};
/* End PBXTargetDependency section */

/* Begin PBXVariantGroup section */
		A69FBF83263B6343003E2160 /* LaunchScreen.storyboard */ = {
			isa = PBXVariantGroup;
			children = (
				A69FBF84263B6343003E2160 /* Base */,
			);
			name = LaunchScreen.storyboard;
			sourceTree = "<group>";
		};
/* End PBXVariantGroup section */

/* Begin XCBuildConfiguration section */
		A69FBF9D263B6343003E2160 /* Debug */ = {
			isa = XCBuildConfiguration;
			buildSettings = {
				ALWAYS_SEARCH_USER_PATHS = NO;
				CLANG_ANALYZER_NONNULL = YES;
				CLANG_ANALYZER_NUMBER_OBJECT_CONVERSION = YES_AGGRESSIVE;
				CLANG_CXX_LANGUAGE_STANDARD = "gnu++14";
				CLANG_CXX_LIBRARY = "libc++";
				CLANG_ENABLE_MODULES = YES;
				CLANG_ENABLE_OBJC_ARC = YES;
				CLANG_ENABLE_OBJC_WEAK = YES;
				CLANG_WARN_BLOCK_CAPTURE_AUTORELEASING = YES;
				CLANG_WARN_BOOL_CONVERSION = YES;
				CLANG_WARN_COMMA = YES;
				CLANG_WARN_CONSTANT_CONVERSION = YES;
				CLANG_WARN_DEPRECATED_OBJC_IMPLEMENTATIONS = YES;
				CLANG_WARN_DIRECT_OBJC_ISA_USAGE = YES_ERROR;
				CLANG_WARN_DOCUMENTATION_COMMENTS = YES;
				CLANG_WARN_EMPTY_BODY = YES;
				CLANG_WARN_ENUM_CONVERSION = YES;
				CLANG_WARN_INFINITE_RECURSION = YES;
				CLANG_WARN_INT_CONVERSION = YES;
				CLANG_WARN_NON_LITERAL_NULL_CONVERSION = YES;
				CLANG_WARN_OBJC_IMPLICIT_RETAIN_SELF = YES;
				CLANG_WARN_OBJC_LITERAL_CONVERSION = YES;
				CLANG_WARN_OBJC_ROOT_CLASS = YES_ERROR;
				CLANG_WARN_QUOTED_INCLUDE_IN_FRAMEWORK_HEADER = YES;
				CLANG_WARN_RANGE_LOOP_ANALYSIS = YES;
				CLANG_WARN_STRICT_PROTOTYPES = YES;
				CLANG_WARN_SUSPICIOUS_MOVE = YES;
				CLANG_WARN_UNGUARDED_AVAILABILITY = YES_AGGRESSIVE;
				CLANG_WARN_UNREACHABLE_CODE = YES;
				CLANG_WARN__DUPLICATE_METHOD_MATCH = YES;
				COPY_PHASE_STRIP = NO;
				DEBUG_INFORMATION_FORMAT = dwarf;
				ENABLE_STRICT_OBJC_MSGSEND = YES;
				ENABLE_TESTABILITY = YES;
				GCC_C_LANGUAGE_STANDARD = gnu11;
				GCC_DYNAMIC_NO_PIC = NO;
				GCC_NO_COMMON_BLOCKS = YES;
				GCC_OPTIMIZATION_LEVEL = 0;
				GCC_PREPROCESSOR_DEFINITIONS = (
					"DEBUG=1",
					"$(inherited)",
				);
				GCC_WARN_64_TO_32_BIT_CONVERSION = YES;
				GCC_WARN_ABOUT_RETURN_TYPE = YES_ERROR;
				GCC_WARN_UNDECLARED_SELECTOR = YES;
				GCC_WARN_UNINITIALIZED_AUTOS = YES_AGGRESSIVE;
				GCC_WARN_UNUSED_FUNCTION = YES;
				GCC_WARN_UNUSED_VARIABLE = YES;
				IPHONEOS_DEPLOYMENT_TARGET = 14.5;
				MTL_ENABLE_DEBUG_INFO = INCLUDE_SOURCE;
				MTL_FAST_MATH = YES;
				ONLY_ACTIVE_ARCH = YES;
				SDKROOT = iphoneos;
				SWIFT_ACTIVE_COMPILATION_CONDITIONS = DEBUG;
				SWIFT_OPTIMIZATION_LEVEL = "-Onone";
			};
			name = Debug;
		};
		A69FBF9E263B6343003E2160 /* Release */ = {
			isa = XCBuildConfiguration;
			buildSettings = {
				ALWAYS_SEARCH_USER_PATHS = NO;
				CLANG_ANALYZER_NONNULL = YES;
				CLANG_ANALYZER_NUMBER_OBJECT_CONVERSION = YES_AGGRESSIVE;
				CLANG_CXX_LANGUAGE_STANDARD = "gnu++14";
				CLANG_CXX_LIBRARY = "libc++";
				CLANG_ENABLE_MODULES = YES;
				CLANG_ENABLE_OBJC_ARC = YES;
				CLANG_ENABLE_OBJC_WEAK = YES;
				CLANG_WARN_BLOCK_CAPTURE_AUTORELEASING = YES;
				CLANG_WARN_BOOL_CONVERSION = YES;
				CLANG_WARN_COMMA = YES;
				CLANG_WARN_CONSTANT_CONVERSION = YES;
				CLANG_WARN_DEPRECATED_OBJC_IMPLEMENTATIONS = YES;
				CLANG_WARN_DIRECT_OBJC_ISA_USAGE = YES_ERROR;
				CLANG_WARN_DOCUMENTATION_COMMENTS = YES;
				CLANG_WARN_EMPTY_BODY = YES;
				CLANG_WARN_ENUM_CONVERSION = YES;
				CLANG_WARN_INFINITE_RECURSION = YES;
				CLANG_WARN_INT_CONVERSION = YES;
				CLANG_WARN_NON_LITERAL_NULL_CONVERSION = YES;
				CLANG_WARN_OBJC_IMPLICIT_RETAIN_SELF = YES;
				CLANG_WARN_OBJC_LITERAL_CONVERSION = YES;
				CLANG_WARN_OBJC_ROOT_CLASS = YES_ERROR;
				CLANG_WARN_QUOTED_INCLUDE_IN_FRAMEWORK_HEADER = YES;
				CLANG_WARN_RANGE_LOOP_ANALYSIS = YES;
				CLANG_WARN_STRICT_PROTOTYPES = YES;
				CLANG_WARN_SUSPICIOUS_MOVE = YES;
				CLANG_WARN_UNGUARDED_AVAILABILITY = YES_AGGRESSIVE;
				CLANG_WARN_UNREACHABLE_CODE = YES;
				CLANG_WARN__DUPLICATE_METHOD_MATCH = YES;
				COPY_PHASE_STRIP = NO;
				DEBUG_INFORMATION_FORMAT = "dwarf-with-dsym";
				ENABLE_NS_ASSERTIONS = NO;
				ENABLE_STRICT_OBJC_MSGSEND = YES;
				GCC_C_LANGUAGE_STANDARD = gnu11;
				GCC_NO_COMMON_BLOCKS = YES;
				GCC_WARN_64_TO_32_BIT_CONVERSION = YES;
				GCC_WARN_ABOUT_RETURN_TYPE = YES_ERROR;
				GCC_WARN_UNDECLARED_SELECTOR = YES;
				GCC_WARN_UNINITIALIZED_AUTOS = YES_AGGRESSIVE;
				GCC_WARN_UNUSED_FUNCTION = YES;
				GCC_WARN_UNUSED_VARIABLE = YES;
				IPHONEOS_DEPLOYMENT_TARGET = 14.5;
				MTL_ENABLE_DEBUG_INFO = NO;
				MTL_FAST_MATH = YES;
				SDKROOT = iphoneos;
				SWIFT_COMPILATION_MODE = wholemodule;
				SWIFT_OPTIMIZATION_LEVEL = "-O";
				VALIDATE_PRODUCT = YES;
			};
			name = Release;
		};
		A69FBFA0263B6343003E2160 /* Debug */ = {
			isa = XCBuildConfiguration;
			buildSettings = {
				ASSETCATALOG_COMPILER_APPICON_NAME = AppIcon;
				ASSETCATALOG_COMPILER_GLOBAL_ACCENT_COLOR_NAME = AccentColor;
				CODE_SIGN_STYLE = Automatic;
				DEVELOPMENT_ASSET_PATHS = "\"iPadCalculator/Preview Content\"";
				DEVELOPMENT_TEAM = 5R4F63FV7T;
				ENABLE_PREVIEWS = YES;
				INFOPLIST_FILE = iPadCalculator/Info.plist;
				LD_RUNPATH_SEARCH_PATHS = (
					"$(inherited)",
					"@executable_path/Frameworks",
				);
				PRODUCT_BUNDLE_IDENTIFIER = HodelMiki.iPadCalculator;
				PRODUCT_NAME = "$(TARGET_NAME)";
				SWIFT_VERSION = 5.0;
				TARGETED_DEVICE_FAMILY = "1,2";
			};
			name = Debug;
		};
		A69FBFA1263B6343003E2160 /* Release */ = {
			isa = XCBuildConfiguration;
			buildSettings = {
				ASSETCATALOG_COMPILER_APPICON_NAME = AppIcon;
				ASSETCATALOG_COMPILER_GLOBAL_ACCENT_COLOR_NAME = AccentColor;
				CODE_SIGN_STYLE = Automatic;
				DEVELOPMENT_ASSET_PATHS = "\"iPadCalculator/Preview Content\"";
				DEVELOPMENT_TEAM = 5R4F63FV7T;
				ENABLE_PREVIEWS = YES;
				INFOPLIST_FILE = iPadCalculator/Info.plist;
				LD_RUNPATH_SEARCH_PATHS = (
					"$(inherited)",
					"@executable_path/Frameworks",
				);
				PRODUCT_BUNDLE_IDENTIFIER = HodelMiki.iPadCalculator;
				PRODUCT_NAME = "$(TARGET_NAME)";
				SWIFT_VERSION = 5.0;
				TARGETED_DEVICE_FAMILY = "1,2";
			};
			name = Release;
		};
		A69FBFA3263B6343003E2160 /* Debug */ = {
			isa = XCBuildConfiguration;
			buildSettings = {
				ALWAYS_EMBED_SWIFT_STANDARD_LIBRARIES = YES;
				BUNDLE_LOADER = "$(TEST_HOST)";
				CODE_SIGN_STYLE = Automatic;
				DEVELOPMENT_TEAM = 5R4F63FV7T;
				INFOPLIST_FILE = iPadCalculatorTests/Info.plist;
				IPHONEOS_DEPLOYMENT_TARGET = 14.5;
				LD_RUNPATH_SEARCH_PATHS = (
					"$(inherited)",
					"@executable_path/Frameworks",
					"@loader_path/Frameworks",
				);
				PRODUCT_BUNDLE_IDENTIFIER = HodelMiki.iPadCalculatorTests;
				PRODUCT_NAME = "$(TARGET_NAME)";
				SWIFT_VERSION = 5.0;
				TARGETED_DEVICE_FAMILY = "1,2";
				TEST_HOST = "$(BUILT_PRODUCTS_DIR)/iPadCalculator.app/iPadCalculator";
			};
			name = Debug;
		};
		A69FBFA4263B6343003E2160 /* Release */ = {
			isa = XCBuildConfiguration;
			buildSettings = {
				ALWAYS_EMBED_SWIFT_STANDARD_LIBRARIES = YES;
				BUNDLE_LOADER = "$(TEST_HOST)";
				CODE_SIGN_STYLE = Automatic;
				DEVELOPMENT_TEAM = 5R4F63FV7T;
				INFOPLIST_FILE = iPadCalculatorTests/Info.plist;
				IPHONEOS_DEPLOYMENT_TARGET = 14.5;
				LD_RUNPATH_SEARCH_PATHS = (
					"$(inherited)",
					"@executable_path/Frameworks",
					"@loader_path/Frameworks",
				);
				PRODUCT_BUNDLE_IDENTIFIER = HodelMiki.iPadCalculatorTests;
				PRODUCT_NAME = "$(TARGET_NAME)";
				SWIFT_VERSION = 5.0;
				TARGETED_DEVICE_FAMILY = "1,2";
				TEST_HOST = "$(BUILT_PRODUCTS_DIR)/iPadCalculator.app/iPadCalculator";
			};
			name = Release;
		};
		A69FBFA6263B6343003E2160 /* Debug */ = {
			isa = XCBuildConfiguration;
			buildSettings = {
				ALWAYS_EMBED_SWIFT_STANDARD_LIBRARIES = YES;
				CODE_SIGN_STYLE = Automatic;
				DEVELOPMENT_TEAM = 5R4F63FV7T;
				INFOPLIST_FILE = iPadCalculatorUITests/Info.plist;
				LD_RUNPATH_SEARCH_PATHS = (
					"$(inherited)",
					"@executable_path/Frameworks",
					"@loader_path/Frameworks",
				);
				PRODUCT_BUNDLE_IDENTIFIER = HodelMiki.iPadCalculatorUITests;
				PRODUCT_NAME = "$(TARGET_NAME)";
				SWIFT_VERSION = 5.0;
				TARGETED_DEVICE_FAMILY = "1,2";
				TEST_TARGET_NAME = iPadCalculator;
			};
			name = Debug;
		};
		A69FBFA7263B6343003E2160 /* Release */ = {
			isa = XCBuildConfiguration;
			buildSettings = {
				ALWAYS_EMBED_SWIFT_STANDARD_LIBRARIES = YES;
				CODE_SIGN_STYLE = Automatic;
				DEVELOPMENT_TEAM = 5R4F63FV7T;
				INFOPLIST_FILE = iPadCalculatorUITests/Info.plist;
				LD_RUNPATH_SEARCH_PATHS = (
					"$(inherited)",
					"@executable_path/Frameworks",
					"@loader_path/Frameworks",
				);
				PRODUCT_BUNDLE_IDENTIFIER = HodelMiki.iPadCalculatorUITests;
				PRODUCT_NAME = "$(TARGET_NAME)";
				SWIFT_VERSION = 5.0;
				TARGETED_DEVICE_FAMILY = "1,2";
				TEST_TARGET_NAME = iPadCalculator;
			};
			name = Release;
		};
/* End XCBuildConfiguration section */

/* Begin XCConfigurationList section */
		A69FBF6D263B6342003E2160 /* Build configuration list for PBXProject "iPadCalculator" */ = {
			isa = XCConfigurationList;
			buildConfigurations = (
				A69FBF9D263B6343003E2160 /* Debug */,
				A69FBF9E263B6343003E2160 /* Release */,
			);
			defaultConfigurationIsVisible = 0;
			defaultConfigurationName = Release;
		};
		A69FBF9F263B6343003E2160 /* Build configuration list for PBXNativeTarget "iPadCalculator" */ = {
			isa = XCConfigurationList;
			buildConfigurations = (
				A69FBFA0263B6343003E2160 /* Debug */,
				A69FBFA1263B6343003E2160 /* Release */,
			);
			defaultConfigurationIsVisible = 0;
			defaultConfigurationName = Release;
		};
		A69FBFA2263B6343003E2160 /* Build configuration list for PBXNativeTarget "iPadCalculatorTests" */ = {
			isa = XCConfigurationList;
			buildConfigurations = (
				A69FBFA3263B6343003E2160 /* Debug */,
				A69FBFA4263B6343003E2160 /* Release */,
			);
			defaultConfigurationIsVisible = 0;
			defaultConfigurationName = Release;
		};
		A69FBFA5263B6343003E2160 /* Build configuration list for PBXNativeTarget "iPadCalculatorUITests" */ = {
			isa = XCConfigurationList;
			buildConfigurations = (
				A69FBFA6263B6343003E2160 /* Debug */,
				A69FBFA7263B6343003E2160 /* Release */,
			);
			defaultConfigurationIsVisible = 0;
			defaultConfigurationName = Release;
		};
/* End XCConfigurationList section */

/* Begin XCVersionGroup section */
		A69FBF7B263B6342003E2160 /* iPadCalculator.xcdatamodeld */ = {
			isa = XCVersionGroup;
			children = (
				A69FBF7C263B6342003E2160 /* iPadCalculator.xcdatamodel */,
			);
			currentVersion = A69FBF7C263B6342003E2160 /* iPadCalculator.xcdatamodel */;
			path = iPadCalculator.xcdatamodeld;
			sourceTree = "<group>";
			versionGroupType = wrapper.xcdatamodel;
		};
/* End XCVersionGroup section */
	};
	rootObject = A69FBF6A263B6342003E2160 /* Project object */;
}
